// !$*UTF8*$!
{
	archiveVersion = 1;
	classes = {
	};
	objectVersion = 55;
	objects = {

/* Begin PBXBuildFile section */
		8483B1228DDC1527E041F027 /* Pods_News_App.framework in Frameworks */ = {isa = PBXBuildFile; fileRef = 64BC7B2CFE987A9C77DA04F3 /* Pods_News_App.framework */; };
		CE21CDF727C75AF0006EC49F /* ArticleViewModel.swift in Sources */ = {isa = PBXBuildFile; fileRef = CE21CDF627C75AF0006EC49F /* ArticleViewModel.swift */; };
		CE21CDFC27C76EC0006EC49F /* ArticleViewModelType.swift in Sources */ = {isa = PBXBuildFile; fileRef = CE21CDFB27C76EC0006EC49F /* ArticleViewModelType.swift */; };
		CE21CDFE27C76EFB006EC49F /* NewsListViewModelType.swift in Sources */ = {isa = PBXBuildFile; fileRef = CE21CDFD27C76EFB006EC49F /* NewsListViewModelType.swift */; };
		CE21CE0027C78E1E006EC49F /* AlamofireNetworkManager.swift in Sources */ = {isa = PBXBuildFile; fileRef = CE21CDFF27C78E1E006EC49F /* AlamofireNetworkManager.swift */; };
		CE21CE0227C7B20E006EC49F /* URLSession.swift in Sources */ = {isa = PBXBuildFile; fileRef = CE21CE0127C7B20D006EC49F /* URLSession.swift */; };
		CE6A912427C628AF005030D7 /* AppDelegate.swift in Sources */ = {isa = PBXBuildFile; fileRef = CE6A912327C628AF005030D7 /* AppDelegate.swift */; };
		CE6A912627C628AF005030D7 /* SceneDelegate.swift in Sources */ = {isa = PBXBuildFile; fileRef = CE6A912527C628AF005030D7 /* SceneDelegate.swift */; };
		CE6A912B27C628AF005030D7 /* Main.storyboard in Resources */ = {isa = PBXBuildFile; fileRef = CE6A912927C628AF005030D7 /* Main.storyboard */; };
		CE6A912D27C628B5005030D7 /* Assets.xcassets in Resources */ = {isa = PBXBuildFile; fileRef = CE6A912C27C628B5005030D7 /* Assets.xcassets */; };
		CE6A913027C628B5005030D7 /* LaunchScreen.storyboard in Resources */ = {isa = PBXBuildFile; fileRef = CE6A912E27C628B5005030D7 /* LaunchScreen.storyboard */; };
		CE6A913B27C6293D005030D7 /* NewsModel.swift in Sources */ = {isa = PBXBuildFile; fileRef = CE6A913A27C6293D005030D7 /* NewsModel.swift */; };
		CE6A913D27C62A2A005030D7 /* APICaller.swift in Sources */ = {isa = PBXBuildFile; fileRef = CE6A913C27C62A2A005030D7 /* APICaller.swift */; };
		CE6A913F27C62C5E005030D7 /* NewsViewController.swift in Sources */ = {isa = PBXBuildFile; fileRef = CE6A913E27C62C5E005030D7 /* NewsViewController.swift */; };
		CE6A914127C62CA3005030D7 /* NewsTableViewCell.swift in Sources */ = {isa = PBXBuildFile; fileRef = CE6A914027C62CA3005030D7 /* NewsTableViewCell.swift */; };
		CE896E1727C67D3C007EB9D5 /* NewsListViewModel.swift in Sources */ = {isa = PBXBuildFile; fileRef = CE896E1627C67D3C007EB9D5 /* NewsListViewModel.swift */; };
/* End PBXBuildFile section */

/* Begin PBXFileReference section */
		2561F5956AED90B6A3B6BBE5 /* Pods-News-App.debug.xcconfig */ = {isa = PBXFileReference; includeInIndex = 1; lastKnownFileType = text.xcconfig; name = "Pods-News-App.debug.xcconfig"; path = "Target Support Files/Pods-News-App/Pods-News-App.debug.xcconfig"; sourceTree = "<group>"; };
		64BC7B2CFE987A9C77DA04F3 /* Pods_News_App.framework */ = {isa = PBXFileReference; explicitFileType = wrapper.framework; includeInIndex = 0; path = Pods_News_App.framework; sourceTree = BUILT_PRODUCTS_DIR; };
		C59FAB17E18E235A772E3871 /* Pods-News-App.release.xcconfig */ = {isa = PBXFileReference; includeInIndex = 1; lastKnownFileType = text.xcconfig; name = "Pods-News-App.release.xcconfig"; path = "Target Support Files/Pods-News-App/Pods-News-App.release.xcconfig"; sourceTree = "<group>"; };
		CE21CDF627C75AF0006EC49F /* ArticleViewModel.swift */ = {isa = PBXFileReference; lastKnownFileType = sourcecode.swift; path = ArticleViewModel.swift; sourceTree = "<group>"; };
		CE21CDFB27C76EC0006EC49F /* ArticleViewModelType.swift */ = {isa = PBXFileReference; lastKnownFileType = sourcecode.swift; path = ArticleViewModelType.swift; sourceTree = "<group>"; };
		CE21CDFD27C76EFB006EC49F /* NewsListViewModelType.swift */ = {isa = PBXFileReference; lastKnownFileType = sourcecode.swift; path = NewsListViewModelType.swift; sourceTree = "<group>"; };
		CE21CDFF27C78E1E006EC49F /* AlamofireNetworkManager.swift */ = {isa = PBXFileReference; lastKnownFileType = sourcecode.swift; path = AlamofireNetworkManager.swift; sourceTree = "<group>"; };
		CE21CE0127C7B20D006EC49F /* URLSession.swift */ = {isa = PBXFileReference; lastKnownFileType = sourcecode.swift; path = URLSession.swift; sourceTree = "<group>"; };
		CE6A912027C628AF005030D7 /* News-App.app */ = {isa = PBXFileReference; explicitFileType = wrapper.application; includeInIndex = 0; path = "News-App.app"; sourceTree = BUILT_PRODUCTS_DIR; };
		CE6A912327C628AF005030D7 /* AppDelegate.swift */ = {isa = PBXFileReference; lastKnownFileType = sourcecode.swift; path = AppDelegate.swift; sourceTree = "<group>"; };
		CE6A912527C628AF005030D7 /* SceneDelegate.swift */ = {isa = PBXFileReference; lastKnownFileType = sourcecode.swift; path = SceneDelegate.swift; sourceTree = "<group>"; };
		CE6A912A27C628AF005030D7 /* Base */ = {isa = PBXFileReference; lastKnownFileType = file.storyboard; name = Base; path = Base.lproj/Main.storyboard; sourceTree = "<group>"; };
		CE6A912C27C628B5005030D7 /* Assets.xcassets */ = {isa = PBXFileReference; lastKnownFileType = folder.assetcatalog; path = Assets.xcassets; sourceTree = "<group>"; };
		CE6A912F27C628B5005030D7 /* Base */ = {isa = PBXFileReference; lastKnownFileType = file.storyboard; name = Base; path = Base.lproj/LaunchScreen.storyboard; sourceTree = "<group>"; };
		CE6A913127C628B5005030D7 /* Info.plist */ = {isa = PBXFileReference; lastKnownFileType = text.plist.xml; path = Info.plist; sourceTree = "<group>"; };
		CE6A913A27C6293D005030D7 /* NewsModel.swift */ = {isa = PBXFileReference; lastKnownFileType = sourcecode.swift; path = NewsModel.swift; sourceTree = "<group>"; };
		CE6A913C27C62A2A005030D7 /* APICaller.swift */ = {isa = PBXFileReference; lastKnownFileType = sourcecode.swift; path = APICaller.swift; sourceTree = "<group>"; };
		CE6A913E27C62C5E005030D7 /* NewsViewController.swift */ = {isa = PBXFileReference; lastKnownFileType = sourcecode.swift; path = NewsViewController.swift; sourceTree = "<group>"; };
		CE6A914027C62CA3005030D7 /* NewsTableViewCell.swift */ = {isa = PBXFileReference; lastKnownFileType = sourcecode.swift; path = NewsTableViewCell.swift; sourceTree = "<group>"; };
		CE896E1627C67D3C007EB9D5 /* NewsListViewModel.swift */ = {isa = PBXFileReference; lastKnownFileType = sourcecode.swift; path = NewsListViewModel.swift; sourceTree = "<group>"; };
/* End PBXFileReference section */

/* Begin PBXFrameworksBuildPhase section */
		CE6A911D27C628AF005030D7 /* Frameworks */ = {
			isa = PBXFrameworksBuildPhase;
			buildActionMask = 2147483647;
			files = (
				8483B1228DDC1527E041F027 /* Pods_News_App.framework in Frameworks */,
			);
			runOnlyForDeploymentPostprocessing = 0;
		};
/* End PBXFrameworksBuildPhase section */

/* Begin PBXGroup section */
		1927DAD436F3D59C27599F29 /* Pods */ = {
			isa = PBXGroup;
			children = (
				2561F5956AED90B6A3B6BBE5 /* Pods-News-App.debug.xcconfig */,
				C59FAB17E18E235A772E3871 /* Pods-News-App.release.xcconfig */,
			);
			path = Pods;
			sourceTree = "<group>";
		};
		876E972E3F6F4C3B300BF95F /* Frameworks */ = {
			isa = PBXGroup;
			children = (
				64BC7B2CFE987A9C77DA04F3 /* Pods_News_App.framework */,
			);
			name = Frameworks;
			sourceTree = "<group>";
		};
		CE21CDFA27C76E9E006EC49F /* Protocols */ = {
			isa = PBXGroup;
			children = (
				CE21CDFB27C76EC0006EC49F /* ArticleViewModelType.swift */,
				CE21CDFD27C76EFB006EC49F /* NewsListViewModelType.swift */,
			);
			path = Protocols;
			sourceTree = "<group>";
		};
		CE6A911727C628AF005030D7 = {
			isa = PBXGroup;
			children = (
				CE6A912227C628AF005030D7 /* News-App */,
				CE6A912127C628AF005030D7 /* Products */,
				1927DAD436F3D59C27599F29 /* Pods */,
				876E972E3F6F4C3B300BF95F /* Frameworks */,
			);
			sourceTree = "<group>";
		};
		CE6A912127C628AF005030D7 /* Products */ = {
			isa = PBXGroup;
			children = (
				CE6A912027C628AF005030D7 /* News-App.app */,
			);
			name = Products;
			sourceTree = "<group>";
		};
		CE6A912227C628AF005030D7 /* News-App */ = {
			isa = PBXGroup;
			children = (
				CE21CDFA27C76E9E006EC49F /* Protocols */,
				CE6A913727C6290A005030D7 /* Model */,
				CE6A913927C62925005030D7 /* View */,
				CE6A913827C62911005030D7 /* ViewModel */,
				CE6A912327C628AF005030D7 /* AppDelegate.swift */,
				CE6A912527C628AF005030D7 /* SceneDelegate.swift */,
				CE6A912927C628AF005030D7 /* Main.storyboard */,
				CE6A912C27C628B5005030D7 /* Assets.xcassets */,
				CE6A912E27C628B5005030D7 /* LaunchScreen.storyboard */,
				CE6A913127C628B5005030D7 /* Info.plist */,
				CE6A913C27C62A2A005030D7 /* APICaller.swift */,
				CE21CDFF27C78E1E006EC49F /* AlamofireNetworkManager.swift */,
				CE21CE0127C7B20D006EC49F /* URLSession.swift */,
			);
			path = "News-App";
			sourceTree = "<group>";
		};
		CE6A913727C6290A005030D7 /* Model */ = {
			isa = PBXGroup;
			children = (
				CE6A913A27C6293D005030D7 /* NewsModel.swift */,
			);
			path = Model;
			sourceTree = "<group>";
		};
		CE6A913827C62911005030D7 /* ViewModel */ = {
			isa = PBXGroup;
			children = (
				CE896E1627C67D3C007EB9D5 /* NewsListViewModel.swift */,
				CE21CDF627C75AF0006EC49F /* ArticleViewModel.swift */,
			);
			path = ViewModel;
			sourceTree = "<group>";
		};
		CE6A913927C62925005030D7 /* View */ = {
			isa = PBXGroup;
			children = (
				CE6A913E27C62C5E005030D7 /* NewsViewController.swift */,
				CE6A914027C62CA3005030D7 /* NewsTableViewCell.swift */,
			);
			path = View;
			sourceTree = "<group>";
		};
/* End PBXGroup section */

/* Begin PBXNativeTarget section */
		CE6A911F27C628AF005030D7 /* News-App */ = {
			isa = PBXNativeTarget;
			buildConfigurationList = CE6A913427C628B5005030D7 /* Build configuration list for PBXNativeTarget "News-App" */;
			buildPhases = (
				C7C69901713BE9DC9B0436AE /* [CP] Check Pods Manifest.lock */,
				CE6A911C27C628AF005030D7 /* Sources */,
				CE6A911D27C628AF005030D7 /* Frameworks */,
				CE6A911E27C628AF005030D7 /* Resources */,
				1A4493B800E7622EC21A3466 /* [CP] Embed Pods Frameworks */,
			);
			buildRules = (
			);
			dependencies = (
			);
			name = "News-App";
			productName = "News-App";
			productReference = CE6A912027C628AF005030D7 /* News-App.app */;
			productType = "com.apple.product-type.application";
		};
/* End PBXNativeTarget section */

/* Begin PBXProject section */
		CE6A911827C628AF005030D7 /* Project object */ = {
			isa = PBXProject;
			attributes = {
				BuildIndependentTargetsInParallel = 1;
				LastSwiftUpdateCheck = 1300;
				LastUpgradeCheck = 1300;
				TargetAttributes = {
					CE6A911F27C628AF005030D7 = {
						CreatedOnToolsVersion = 13.0;
					};
				};
			};
			buildConfigurationList = CE6A911B27C628AF005030D7 /* Build configuration list for PBXProject "News-App" */;
			compatibilityVersion = "Xcode 13.0";
			developmentRegion = en;
			hasScannedForEncodings = 0;
			knownRegions = (
				en,
				Base,
			);
			mainGroup = CE6A911727C628AF005030D7;
			productRefGroup = CE6A912127C628AF005030D7 /* Products */;
			projectDirPath = "";
			projectRoot = "";
			targets = (
				CE6A911F27C628AF005030D7 /* News-App */,
			);
		};
/* End PBXProject section */

/* Begin PBXResourcesBuildPhase section */
		CE6A911E27C628AF005030D7 /* Resources */ = {
			isa = PBXResourcesBuildPhase;
			buildActionMask = 2147483647;
			files = (
				CE6A913027C628B5005030D7 /* LaunchScreen.storyboard in Resources */,
				CE6A912D27C628B5005030D7 /* Assets.xcassets in Resources */,
				CE6A912B27C628AF005030D7 /* Main.storyboard in Resources */,
			);
			runOnlyForDeploymentPostprocessing = 0;
		};
/* End PBXResourcesBuildPhase section */

/* Begin PBXShellScriptBuildPhase section */
		1A4493B800E7622EC21A3466 /* [CP] Embed Pods Frameworks */ = {
			isa = PBXShellScriptBuildPhase;
			buildActionMask = 2147483647;
			files = (
			);
			inputFileListPaths = (
				"${PODS_ROOT}/Target Support Files/Pods-News-App/Pods-News-App-frameworks-${CONFIGURATION}-input-files.xcfilelist",
			);
			name = "[CP] Embed Pods Frameworks";
			outputFileListPaths = (
				"${PODS_ROOT}/Target Support Files/Pods-News-App/Pods-News-App-frameworks-${CONFIGURATION}-output-files.xcfilelist",
			);
			runOnlyForDeploymentPostprocessing = 0;
			shellPath = /bin/sh;
			shellScript = "\"${PODS_ROOT}/Target Support Files/Pods-News-App/Pods-News-App-frameworks.sh\"\n";
			showEnvVarsInLog = 0;
		};
		C7C69901713BE9DC9B0436AE /* [CP] Check Pods Manifest.lock */ = {
			isa = PBXShellScriptBuildPhase;
			buildActionMask = 2147483647;
			files = (
			);
			inputFileListPaths = (
			);
			inputPaths = (
				"${PODS_PODFILE_DIR_PATH}/Podfile.lock",
				"${PODS_ROOT}/Manifest.lock",
			);
			name = "[CP] Check Pods Manifest.lock";
			outputFileListPaths = (
			);
			outputPaths = (
				"$(DERIVED_FILE_DIR)/Pods-News-App-checkManifestLockResult.txt",
			);
			runOnlyForDeploymentPostprocessing = 0;
			shellPath = /bin/sh;
			shellScript = "diff \"${PODS_PODFILE_DIR_PATH}/Podfile.lock\" \"${PODS_ROOT}/Manifest.lock\" > /dev/null\nif [ $? != 0 ] ; then\n    # print error to STDERR\n    echo \"error: The sandbox is not in sync with the Podfile.lock. Run 'pod install' or update your CocoaPods installation.\" >&2\n    exit 1\nfi\n# This output is used by Xcode 'outputs' to avoid re-running this script phase.\necho \"SUCCESS\" > \"${SCRIPT_OUTPUT_FILE_0}\"\n";
			showEnvVarsInLog = 0;
		};
/* End PBXShellScriptBuildPhase section */

/* Begin PBXSourcesBuildPhase section */
		CE6A911C27C628AF005030D7 /* Sources */ = {
			isa = PBXSourcesBuildPhase;
			buildActionMask = 2147483647;
			files = (
				CE21CE0027C78E1E006EC49F /* AlamofireNetworkManager.swift in Sources */,
				CE896E1727C67D3C007EB9D5 /* NewsListViewModel.swift in Sources */,
				CE21CE0227C7B20E006EC49F /* URLSession.swift in Sources */,
				CE21CDFC27C76EC0006EC49F /* ArticleViewModelType.swift in Sources */,
				CE6A913B27C6293D005030D7 /* NewsModel.swift in Sources */,
				CE21CDFE27C76EFB006EC49F /* NewsListViewModelType.swift in Sources */,
				CE6A912427C628AF005030D7 /* AppDelegate.swift in Sources */,
				CE6A914127C62CA3005030D7 /* NewsTableViewCell.swift in Sources */,
				CE6A913D27C62A2A005030D7 /* APICaller.swift in Sources */,
				CE21CDF727C75AF0006EC49F /* ArticleViewModel.swift in Sources */,
				CE6A913F27C62C5E005030D7 /* NewsViewController.swift in Sources */,
				CE6A912627C628AF005030D7 /* SceneDelegate.swift in Sources */,
			);
			runOnlyForDeploymentPostprocessing = 0;
		};
/* End PBXSourcesBuildPhase section */

/* Begin PBXVariantGroup section */
		CE6A912927C628AF005030D7 /* Main.storyboard */ = {
			isa = PBXVariantGroup;
			children = (
				CE6A912A27C628AF005030D7 /* Base */,
			);
			name = Main.storyboard;
			sourceTree = "<group>";
		};
		CE6A912E27C628B5005030D7 /* LaunchScreen.storyboard */ = {
			isa = PBXVariantGroup;
			children = (
				CE6A912F27C628B5005030D7 /* Base */,
			);
			name = LaunchScreen.storyboard;
			sourceTree = "<group>";
		};
/* End PBXVariantGroup section */

/* Begin XCBuildConfiguration section */
		CE6A913227C628B5005030D7 /* Debug */ = {
			isa = XCBuildConfiguration;
			buildSettings = {
				ALWAYS_SEARCH_USER_PATHS = NO;
				CLANG_ANALYZER_NONNULL = YES;
				CLANG_ANALYZER_NUMBER_OBJECT_CONVERSION = YES_AGGRESSIVE;
				CLANG_CXX_LANGUAGE_STANDARD = "gnu++17";
				CLANG_CXX_LIBRARY = "libc++";
				CLANG_ENABLE_MODULES = YES;
				CLANG_ENABLE_OBJC_ARC = YES;
				CLANG_ENABLE_OBJC_WEAK = YES;
				CLANG_WARN_BLOCK_CAPTURE_AUTORELEASING = YES;
				CLANG_WARN_BOOL_CONVERSION = YES;
				CLANG_WARN_COMMA = YES;
				CLANG_WARN_CONSTANT_CONVERSION = YES;
				CLANG_WARN_DEPRECATED_OBJC_IMPLEMENTATIONS = YES;
				CLANG_WARN_DIRECT_OBJC_ISA_USAGE = YES_ERROR;
				CLANG_WARN_DOCUMENTATION_COMMENTS = YES;
				CLANG_WARN_EMPTY_BODY = YES;
				CLANG_WARN_ENUM_CONVERSION = YES;
				CLANG_WARN_INFINITE_RECURSION = YES;
				CLANG_WARN_INT_CONVERSION = YES;
				CLANG_WARN_NON_LITERAL_NULL_CONVERSION = YES;
				CLANG_WARN_OBJC_IMPLICIT_RETAIN_SELF = YES;
				CLANG_WARN_OBJC_LITERAL_CONVERSION = YES;
				CLANG_WARN_OBJC_ROOT_CLASS = YES_ERROR;
				CLANG_WARN_QUOTED_INCLUDE_IN_FRAMEWORK_HEADER = YES;
				CLANG_WARN_RANGE_LOOP_ANALYSIS = YES;
				CLANG_WARN_STRICT_PROTOTYPES = YES;
				CLANG_WARN_SUSPICIOUS_MOVE = YES;
				CLANG_WARN_UNGUARDED_AVAILABILITY = YES_AGGRESSIVE;
				CLANG_WARN_UNREACHABLE_CODE = YES;
				CLANG_WARN__DUPLICATE_METHOD_MATCH = YES;
				COPY_PHASE_STRIP = NO;
				DEBUG_INFORMATION_FORMAT = dwarf;
				ENABLE_STRICT_OBJC_MSGSEND = YES;
				ENABLE_TESTABILITY = YES;
				GCC_C_LANGUAGE_STANDARD = gnu11;
				GCC_DYNAMIC_NO_PIC = NO;
				GCC_NO_COMMON_BLOCKS = YES;
				GCC_OPTIMIZATION_LEVEL = 0;
				GCC_PREPROCESSOR_DEFINITIONS = (
					"DEBUG=1",
					"$(inherited)",
				);
				GCC_WARN_64_TO_32_BIT_CONVERSION = YES;
				GCC_WARN_ABOUT_RETURN_TYPE = YES_ERROR;
				GCC_WARN_UNDECLARED_SELECTOR = YES;
				GCC_WARN_UNINITIALIZED_AUTOS = YES_AGGRESSIVE;
				GCC_WARN_UNUSED_FUNCTION = YES;
				GCC_WARN_UNUSED_VARIABLE = YES;
				IPHONEOS_DEPLOYMENT_TARGET = 15.0;
				MTL_ENABLE_DEBUG_INFO = INCLUDE_SOURCE;
				MTL_FAST_MATH = YES;
				ONLY_ACTIVE_ARCH = YES;
				SDKROOT = iphoneos;
				SWIFT_ACTIVE_COMPILATION_CONDITIONS = DEBUG;
				SWIFT_OPTIMIZATION_LEVEL = "-Onone";
			};
			name = Debug;
		};
		CE6A913327C628B5005030D7 /* Release */ = {
			isa = XCBuildConfiguration;
			buildSettings = {
				ALWAYS_SEARCH_USER_PATHS = NO;
				CLANG_ANALYZER_NONNULL = YES;
				CLANG_ANALYZER_NUMBER_OBJECT_CONVERSION = YES_AGGRESSIVE;
				CLANG_CXX_LANGUAGE_STANDARD = "gnu++17";
				CLANG_CXX_LIBRARY = "libc++";
				CLANG_ENABLE_MODULES = YES;
				CLANG_ENABLE_OBJC_ARC = YES;
				CLANG_ENABLE_OBJC_WEAK = YES;
				CLANG_WARN_BLOCK_CAPTURE_AUTORELEASING = YES;
				CLANG_WARN_BOOL_CONVERSION = YES;
				CLANG_WARN_COMMA = YES;
				CLANG_WARN_CONSTANT_CONVERSION = YES;
				CLANG_WARN_DEPRECATED_OBJC_IMPLEMENTATIONS = YES;
				CLANG_WARN_DIRECT_OBJC_ISA_USAGE = YES_ERROR;
				CLANG_WARN_DOCUMENTATION_COMMENTS = YES;
				CLANG_WARN_EMPTY_BODY = YES;
				CLANG_WARN_ENUM_CONVERSION = YES;
				CLANG_WARN_INFINITE_RECURSION = YES;
				CLANG_WARN_INT_CONVERSION = YES;
				CLANG_WARN_NON_LITERAL_NULL_CONVERSION = YES;
				CLANG_WARN_OBJC_IMPLICIT_RETAIN_SELF = YES;
				CLANG_WARN_OBJC_LITERAL_CONVERSION = YES;
				CLANG_WARN_OBJC_ROOT_CLASS = YES_ERROR;
				CLANG_WARN_QUOTED_INCLUDE_IN_FRAMEWORK_HEADER = YES;
				CLANG_WARN_RANGE_LOOP_ANALYSIS = YES;
				CLANG_WARN_STRICT_PROTOTYPES = YES;
				CLANG_WARN_SUSPICIOUS_MOVE = YES;
				CLANG_WARN_UNGUARDED_AVAILABILITY = YES_AGGRESSIVE;
				CLANG_WARN_UNREACHABLE_CODE = YES;
				CLANG_WARN__DUPLICATE_METHOD_MATCH = YES;
				COPY_PHASE_STRIP = NO;
				DEBUG_INFORMATION_FORMAT = "dwarf-with-dsym";
				ENABLE_NS_ASSERTIONS = NO;
				ENABLE_STRICT_OBJC_MSGSEND = YES;
				GCC_C_LANGUAGE_STANDARD = gnu11;
				GCC_NO_COMMON_BLOCKS = YES;
				GCC_WARN_64_TO_32_BIT_CONVERSION = YES;
				GCC_WARN_ABOUT_RETURN_TYPE = YES_ERROR;
				GCC_WARN_UNDECLARED_SELECTOR = YES;
				GCC_WARN_UNINITIALIZED_AUTOS = YES_AGGRESSIVE;
				GCC_WARN_UNUSED_FUNCTION = YES;
				GCC_WARN_UNUSED_VARIABLE = YES;
				IPHONEOS_DEPLOYMENT_TARGET = 15.0;
				MTL_ENABLE_DEBUG_INFO = NO;
				MTL_FAST_MATH = YES;
				SDKROOT = iphoneos;
				SWIFT_COMPILATION_MODE = wholemodule;
				SWIFT_OPTIMIZATION_LEVEL = "-O";
				VALIDATE_PRODUCT = YES;
			};
			name = Release;
		};
		CE6A913527C628B5005030D7 /* Debug */ = {
			isa = XCBuildConfiguration;
			baseConfigurationReference = 2561F5956AED90B6A3B6BBE5 /* Pods-News-App.debug.xcconfig */;
			buildSettings = {
				ASSETCATALOG_COMPILER_APPICON_NAME = AppIcon;
				ASSETCATALOG_COMPILER_GLOBAL_ACCENT_COLOR_NAME = AccentColor;
				CODE_SIGN_STYLE = Automatic;
				CURRENT_PROJECT_VERSION = 1;
				DEVELOPMENT_TEAM = Q9788GD6N7;
				GENERATE_INFOPLIST_FILE = YES;
				INFOPLIST_FILE = "News-App/Info.plist";
				INFOPLIST_KEY_UIApplicationSupportsIndirectInputEvents = YES;
				INFOPLIST_KEY_UILaunchStoryboardName = LaunchScreen;
				INFOPLIST_KEY_UISupportedInterfaceOrientations = UIInterfaceOrientationPortrait;
				INFOPLIST_KEY_UISupportedInterfaceOrientations_iPad = "UIInterfaceOrientationPortrait UIInterfaceOrientationPortraitUpsideDown UIInterfaceOrientationLandscapeLeft UIInterfaceOrientationLandscapeRight";
				INFOPLIST_KEY_UISupportedInterfaceOrientations_iPhone = "UIInterfaceOrientationPortrait UIInterfaceOrientationLandscapeLeft UIInterfaceOrientationLandscapeRight";
				LD_RUNPATH_SEARCH_PATHS = (
					"$(inherited)",
					"@executable_path/Frameworks",
				);
				MARKETING_VERSION = 1.0;
				PRODUCT_BUNDLE_IDENTIFIER = "com.vladimir.swifty.com.News-App";
				PRODUCT_NAME = "$(TARGET_NAME)";
				SWIFT_EMIT_LOC_STRINGS = YES;
				SWIFT_VERSION = 5.0;
				TARGETED_DEVICE_FAMILY = "1,2";
			};
			name = Debug;
		};
		CE6A913627C628B5005030D7 /* Release */ = {
			isa = XCBuildConfiguration;
			baseConfigurationReference = C59FAB17E18E235A772E3871 /* Pods-News-App.release.xcconfig */;
			buildSettings = {
				ASSETCATALOG_COMPILER_APPICON_NAME = AppIcon;
				ASSETCATALOG_COMPILER_GLOBAL_ACCENT_COLOR_NAME = AccentColor;
				CODE_SIGN_STYLE = Automatic;
				CURRENT_PROJECT_VERSION = 1;
				DEVELOPMENT_TEAM = Q9788GD6N7;
				GENERATE_INFOPLIST_FILE = YES;
				INFOPLIST_FILE = "News-App/Info.plist";
				INFOPLIST_KEY_UIApplicationSupportsIndirectInputEvents = YES;
				INFOPLIST_KEY_UILaunchStoryboardName = LaunchScreen;
				INFOPLIST_KEY_UISupportedInterfaceOrientations = UIInterfaceOrientationPortrait;
				INFOPLIST_KEY_UISupportedInterfaceOrientations_iPad = "UIInterfaceOrientationPortrait UIInterfaceOrientationPortraitUpsideDown UIInterfaceOrientationLandscapeLeft UIInterfaceOrientationLandscapeRight";
				INFOPLIST_KEY_UISupportedInterfaceOrientations_iPhone = "UIInterfaceOrientationPortrait UIInterfaceOrientationLandscapeLeft UIInterfaceOrientationLandscapeRight";
				LD_RUNPATH_SEARCH_PATHS = (
					"$(inherited)",
					"@executable_path/Frameworks",
				);
				MARKETING_VERSION = 1.0;
				PRODUCT_BUNDLE_IDENTIFIER = "com.vladimir.swifty.com.News-App";
				PRODUCT_NAME = "$(TARGET_NAME)";
				SWIFT_EMIT_LOC_STRINGS = YES;
				SWIFT_VERSION = 5.0;
				TARGETED_DEVICE_FAMILY = "1,2";
			};
			name = Release;
		};
/* End XCBuildConfiguration section */

/* Begin XCConfigurationList section */
		CE6A911B27C628AF005030D7 /* Build configuration list for PBXProject "News-App" */ = {
			isa = XCConfigurationList;
			buildConfigurations = (
				CE6A913227C628B5005030D7 /* Debug */,
				CE6A913327C628B5005030D7 /* Release */,
			);
			defaultConfigurationIsVisible = 0;
			defaultConfigurationName = Release;
		};
		CE6A913427C628B5005030D7 /* Build configuration list for PBXNativeTarget "News-App" */ = {
			isa = XCConfigurationList;
			buildConfigurations = (
				CE6A913527C628B5005030D7 /* Debug */,
				CE6A913627C628B5005030D7 /* Release */,
			);
			defaultConfigurationIsVisible = 0;
			defaultConfigurationName = Release;
		};
/* End XCConfigurationList section */
	};
	rootObject = CE6A911827C628AF005030D7 /* Project object */;
}
